{
  "name": "ajsnew",
  "version": "1.0.0",
  "lockfileVersion": 3,
  "requires": true,
  "packages": {
    "": {
      "name": "ajsnew",
      "version": "1.0.0",
      "license": "ISC",
      "dependencies": {
        "@0spailona/ajs": "^1.0.0"
      }
    },
    "node_modules/@0spailona/ajs": {
      "version": "1.0.0",
      "resolved": "https://npm.pkg.github.com/download/@0spailona/ajs/1.0.0/47cf462ab39318f41c35f8105aed3d739891dfac",
      "integrity": "sha512-yn1EMFGHmVReKaWWguTvWJbv6KZOY5vspvABJCdVLfqw1k8FvWvAiuXA/bysZtHjXkAWWZE9X8Kvk5rsq9wSEg==",
      "license": "ISC"
    }
  }
}
